
Microsoft Visual Studio Solution File, Format Version 12.00
# Visual Studio Version 18
VisualStudioVersion = 18.8.12009.203 stable
MinimumVisualStudioVersion = 10.0.40219.1
Project("{FAE04EC0-301F-11D3-BF4B-00C04F79EFBC}") = "Huddle.Sample.Server", "Huddle.Sample.Server\Huddle.Sample.Server.csproj", "{7AD181A1-AA73-4E32-A2F0-515D2326FCD2}"
EndProject
Project("{FAE04EC0-301F-11D3-BF4B-00C04F79EFBC}") = "Huddle.Server", "..\src\Huddle.Server\Huddle.Server.csproj", "{2F35D03E-B283-408B-9AD0-857299D4166B}"
EndProject
Project("{FAE04EC0-301F-11D3-BF4B-00C04F79EFBC}") = "Huddle.Core", "..\src\Huddle.Core\Huddle.Core.csproj", "{BC8B5EA3-09B2-472C-8710-5D7840CA68E4}"
EndProject
Project("{2150E333-8FDC-42A3-9474-1A3956D46DE8}") = "Core", "Core", "{481598C9-4526-42AA-90AC-4E99A73AC1DB}"
EndProject
Project("{FAE04EC0-301F-11D3-BF4B-00C04F79EFBC}") = "Huddle.PlatformCore", "..\src\Huddle.PlatformCore\Huddle.PlatformCore.csproj", "{3EDD80B6-F001-BD1B-09B0-A405982AE5B1}"
EndProject
Global
	GlobalSection(SolutionConfigurationPlatforms) = preSolution
		Debug|Any CPU = Debug|Any CPU
		Release|Any CPU = Release|Any CPU
	EndGlobalSection
	GlobalSection(ProjectConfigurationPlatforms) = postSolution
		{7AD181A1-AA73-4E32-A2F0-515D2326FCD2}.Debug|Any CPU.ActiveCfg = Debug|Any CPU
		{7AD181A1-AA73-4E32-A2F0-515D2326FCD2}.Debug|Any CPU.Build.0 = Debug|Any CPU
		{7AD181A1-AA73-4E32-A2F0-515D2326FCD2}.Debug|Any CPU.Deploy.0 = Debug|Any CPU
		{7AD181A1-AA73-4E32-A2F0-515D2326FCD2}.Release|Any CPU.ActiveCfg = Release|Any CPU
		{7AD181A1-AA73-4E32-A2F0-515D2326FCD2}.Release|Any CPU.Build.0 = Release|Any CPU
		{7AD181A1-AA73-4E32-A2F0-515D2326FCD2}.Release|Any CPU.Deploy.0 = Release|Any CPU
		{2F35D03E-B283-408B-9AD0-857299D4166B}.Debug|Any CPU.ActiveCfg = Debug|Any CPU
		{2F35D03E-B283-408B-9AD0-857299D4166B}.Debug|Any CPU.Build.0 = Debug|Any CPU
		{2F35D03E-B283-408B-9AD0-857299D4166B}.Release|Any CPU.ActiveCfg = Release|Any CPU
		{2F35D03E-B283-408B-9AD0-857299D4166B}.Release|Any CPU.Build.0 = Release|Any CPU
		{BC8B5EA3-09B2-472C-8710-5D7840CA68E4}.Debug|Any CPU.ActiveCfg = Debug|Any CPU
		{BC8B5EA3-09B2-472C-8710-5D7840CA68E4}.Debug|Any CPU.Build.0 = Debug|Any CPU
		{BC8B5EA3-09B2-472C-8710-5D7840CA68E4}.Release|Any CPU.ActiveCfg = Release|Any CPU
		{BC8B5EA3-09B2-472C-8710-5D7840CA68E4}.Release|Any CPU.Build.0 = Release|Any CPU
		{3EDD80B6-F001-BD1B-09B0-A405982AE5B1}.Debug|Any CPU.ActiveCfg = Debug|Any CPU
		{3EDD80B6-F001-BD1B-09B0-A405982AE5B1}.Debug|Any CPU.Build.0 = Debug|Any CPU
		{3EDD80B6-F001-BD1B-09B0-A405982AE5B1}.Release|Any CPU.ActiveCfg = Release|Any CPU
		{3EDD80B6-F001-BD1B-09B0-A405982AE5B1}.Release|Any CPU.Build.0 = Release|Any CPU
	EndGlobalSection
	GlobalSection(SolutionProperties) = preSolution
		HideSolutionNode = FALSE
	EndGlobalSection
	GlobalSection(NestedProjects) = preSolution
		{2F35D03E-B283-408B-9AD0-857299D4166B} = {481598C9-4526-42AA-90AC-4E99A73AC1DB}
		{BC8B5EA3-09B2-472C-8710-5D7840CA68E4} = {481598C9-4526-42AA-90AC-4E99A73AC1DB}
		{3EDD80B6-F001-BD1B-09B0-A405982AE5B1} = {481598C9-4526-42AA-90AC-4E99A73AC1DB}
	EndGlobalSection
	GlobalSection(ExtensibilityGlobals) = postSolution
		SolutionGuid = {E2209347-2C11-4A8D-98D2-104E97E20413}
	EndGlobalSection
EndGlobal
